# This file is automatically @generated by Cargo.
# It is not intended for manual editing.
version = 4

[[package]]
name = "chain-types"
version = "0.1.0"

[[package]]
name = "crypto-envelope"
version = "0.1.0"

[[package]]
name = "domain"
version = "0.1.0"

[[package]]
name = "edge-gateway"
version = "0.1.0"

[[package]]
name = "market-types"
version = "0.1.0"

[[package]]
name = "storage"
version = "0.1.0"

[[package]]
name = "telemetry"
version = "0.1.0"
